// !$*UTF8*$!
{
	archiveVersion = 1;
	classes = {
	};
	objectVersion = 46;
	objects = {

/* Begin PBXBuildFile section */
		0FEB1A723A21BAF21061D4C1 /* Pods_WeatherUITests.framework in Frameworks */ = {isa = PBXBuildFile; fileRef = 6D883C304BB3D3B1E734D475 /* Pods_WeatherUITests.framework */; };
		4730F827814855AE4D333932 /* Pods_WeatherTests.framework in Frameworks */ = {isa = PBXBuildFile; fileRef = 1B8E795E49F9147576F91CF6 /* Pods_WeatherTests.framework */; };
		A59A45571E58178F0067C8C8 /* AppDelegate.swift in Sources */ = {isa = PBXBuildFile; fileRef = A59A45561E58178F0067C8C8 /* AppDelegate.swift */; };
		A59A455C1E58178F0067C8C8 /* Main.storyboard in Resources */ = {isa = PBXBuildFile; fileRef = A59A455A1E58178F0067C8C8 /* Main.storyboard */; };
		A59A455E1E58178F0067C8C8 /* Assets.xcassets in Resources */ = {isa = PBXBuildFile; fileRef = A59A455D1E58178F0067C8C8 /* Assets.xcassets */; };
		A59A45611E58178F0067C8C8 /* LaunchScreen.storyboard in Resources */ = {isa = PBXBuildFile; fileRef = A59A455F1E58178F0067C8C8 /* LaunchScreen.storyboard */; };
		A59A456C1E58178F0067C8C8 /* WeatherTests.swift in Sources */ = {isa = PBXBuildFile; fileRef = A59A456B1E58178F0067C8C8 /* WeatherTests.swift */; };
		A59A45771E58178F0067C8C8 /* WeatherUITests.swift in Sources */ = {isa = PBXBuildFile; fileRef = A59A45761E58178F0067C8C8 /* WeatherUITests.swift */; };
		A59A458D1E5819AC0067C8C8 /* WeatherViewController.swift in Sources */ = {isa = PBXBuildFile; fileRef = A59A458B1E5819AC0067C8C8 /* WeatherViewController.swift */; };
		A59A458F1E581A040067C8C8 /* APIClient.swift in Sources */ = {isa = PBXBuildFile; fileRef = A59A458E1E581A040067C8C8 /* APIClient.swift */; };
		A59A45911E581A520067C8C8 /* Globals.swift in Sources */ = {isa = PBXBuildFile; fileRef = A59A45901E581A520067C8C8 /* Globals.swift */; };
		A59A45931E581A6D0067C8C8 /* WeatherEntry.swift in Sources */ = {isa = PBXBuildFile; fileRef = A59A45921E581A6D0067C8C8 /* WeatherEntry.swift */; };
		A59A45951E58235D0067C8C8 /* WeatherEntryManager.swift in Sources */ = {isa = PBXBuildFile; fileRef = A59A45941E58235D0067C8C8 /* WeatherEntryManager.swift */; };
		A59A45991E583AAC0067C8C8 /* WeatherViewModel.swift in Sources */ = {isa = PBXBuildFile; fileRef = A59A45981E583AAC0067C8C8 /* WeatherViewModel.swift */; };
		A59A459B1E583DCE0067C8C8 /* AbstractViewModel.swift in Sources */ = {isa = PBXBuildFile; fileRef = A59A459A1E583DCE0067C8C8 /* AbstractViewModel.swift */; };
		A59A45A51E5846B70067C8C8 /* AbstractViewController.swift in Sources */ = {isa = PBXBuildFile; fileRef = A59A45A41E5846B70067C8C8 /* AbstractViewController.swift */; };
		A59A45A71E5848CA0067C8C8 /* Utilities.swift in Sources */ = {isa = PBXBuildFile; fileRef = A59A45A61E5848CA0067C8C8 /* Utilities.swift */; };
		B574319E5A909EE29EDC0E8D /* Pods_Weather.framework in Frameworks */ = {isa = PBXBuildFile; fileRef = CC83692422D2ED956591642C /* Pods_Weather.framework */; };
/* End PBXBuildFile section */

/* Begin PBXContainerItemProxy section */
		A59A45681E58178F0067C8C8 /* PBXContainerItemProxy */ = {
			isa = PBXContainerItemProxy;
			containerPortal = A59A454B1E58178F0067C8C8 /* Project object */;
			proxyType = 1;
			remoteGlobalIDString = A59A45521E58178F0067C8C8;
			remoteInfo = Weather;
		};
		A59A45731E58178F0067C8C8 /* PBXContainerItemProxy */ = {
			isa = PBXContainerItemProxy;
			containerPortal = A59A454B1E58178F0067C8C8 /* Project object */;
			proxyType = 1;
			remoteGlobalIDString = A59A45521E58178F0067C8C8;
			remoteInfo = Weather;
		};
/* End PBXContainerItemProxy section */

/* Begin PBXFileReference section */
		1B8E795E49F9147576F91CF6 /* Pods_WeatherTests.framework */ = {isa = PBXFileReference; explicitFileType = wrapper.framework; includeInIndex = 0; path = Pods_WeatherTests.framework; sourceTree = BUILT_PRODUCTS_DIR; };
		33989B96E1FA6719E30BC340 /* Pods-WeatherTests.debug.xcconfig */ = {isa = PBXFileReference; includeInIndex = 1; lastKnownFileType = text.xcconfig; name = "Pods-WeatherTests.debug.xcconfig"; path = "Pods/Target Support Files/Pods-WeatherTests/Pods-WeatherTests.debug.xcconfig"; sourceTree = "<group>"; };
		4006880B2D8611EC43376885 /* Pods-Weather.release.xcconfig */ = {isa = PBXFileReference; includeInIndex = 1; lastKnownFileType = text.xcconfig; name = "Pods-Weather.release.xcconfig"; path = "Pods/Target Support Files/Pods-Weather/Pods-Weather.release.xcconfig"; sourceTree = "<group>"; };
		56B20A26DD7759F5AA949EF7 /* Pods-WeatherUITests.debug.xcconfig */ = {isa = PBXFileReference; includeInIndex = 1; lastKnownFileType = text.xcconfig; name = "Pods-WeatherUITests.debug.xcconfig"; path = "Pods/Target Support Files/Pods-WeatherUITests/Pods-WeatherUITests.debug.xcconfig"; sourceTree = "<group>"; };
		6D883C304BB3D3B1E734D475 /* Pods_WeatherUITests.framework */ = {isa = PBXFileReference; explicitFileType = wrapper.framework; includeInIndex = 0; path = Pods_WeatherUITests.framework; sourceTree = BUILT_PRODUCTS_DIR; };
		8DF3C1AC8973FC845FB3B288 /* Pods-WeatherTests.release.xcconfig */ = {isa = PBXFileReference; includeInIndex = 1; lastKnownFileType = text.xcconfig; name = "Pods-WeatherTests.release.xcconfig"; path = "Pods/Target Support Files/Pods-WeatherTests/Pods-WeatherTests.release.xcconfig"; sourceTree = "<group>"; };
		A59A45531E58178F0067C8C8 /* Weather.app */ = {isa = PBXFileReference; explicitFileType = wrapper.application; includeInIndex = 0; path = Weather.app; sourceTree = BUILT_PRODUCTS_DIR; };
		A59A45561E58178F0067C8C8 /* AppDelegate.swift */ = {isa = PBXFileReference; lastKnownFileType = sourcecode.swift; path = AppDelegate.swift; sourceTree = "<group>"; };
		A59A455B1E58178F0067C8C8 /* Base */ = {isa = PBXFileReference; lastKnownFileType = file.storyboard; name = Base; path = Base.lproj/Main.storyboard; sourceTree = "<group>"; };
		A59A455D1E58178F0067C8C8 /* Assets.xcassets */ = {isa = PBXFileReference; lastKnownFileType = folder.assetcatalog; path = Assets.xcassets; sourceTree = "<group>"; };
		A59A45601E58178F0067C8C8 /* Base */ = {isa = PBXFileReference; lastKnownFileType = file.storyboard; name = Base; path = Base.lproj/LaunchScreen.storyboard; sourceTree = "<group>"; };
		A59A45621E58178F0067C8C8 /* Info.plist */ = {isa = PBXFileReference; lastKnownFileType = text.plist.xml; path = Info.plist; sourceTree = "<group>"; };
		A59A45671E58178F0067C8C8 /* WeatherTests.xctest */ = {isa = PBXFileReference; explicitFileType = wrapper.cfbundle; includeInIndex = 0; path = WeatherTests.xctest; sourceTree = BUILT_PRODUCTS_DIR; };
		A59A456B1E58178F0067C8C8 /* WeatherTests.swift */ = {isa = PBXFileReference; lastKnownFileType = sourcecode.swift; path = WeatherTests.swift; sourceTree = "<group>"; };
		A59A456D1E58178F0067C8C8 /* Info.plist */ = {isa = PBXFileReference; lastKnownFileType = text.plist.xml; path = Info.plist; sourceTree = "<group>"; };
		A59A45721E58178F0067C8C8 /* WeatherUITests.xctest */ = {isa = PBXFileReference; explicitFileType = wrapper.cfbundle; includeInIndex = 0; path = WeatherUITests.xctest; sourceTree = BUILT_PRODUCTS_DIR; };
		A59A45761E58178F0067C8C8 /* WeatherUITests.swift */ = {isa = PBXFileReference; lastKnownFileType = sourcecode.swift; path = WeatherUITests.swift; sourceTree = "<group>"; };
		A59A45781E58178F0067C8C8 /* Info.plist */ = {isa = PBXFileReference; lastKnownFileType = text.plist.xml; path = Info.plist; sourceTree = "<group>"; };
		A59A458B1E5819AC0067C8C8 /* WeatherViewController.swift */ = {isa = PBXFileReference; fileEncoding = 4; lastKnownFileType = sourcecode.swift; path = WeatherViewController.swift; sourceTree = "<group>"; };
		A59A458E1E581A040067C8C8 /* APIClient.swift */ = {isa = PBXFileReference; fileEncoding = 4; lastKnownFileType = sourcecode.swift; path = APIClient.swift; sourceTree = "<group>"; };
		A59A45901E581A520067C8C8 /* Globals.swift */ = {isa = PBXFileReference; fileEncoding = 4; lastKnownFileType = sourcecode.swift; path = Globals.swift; sourceTree = "<group>"; };
		A59A45921E581A6D0067C8C8 /* WeatherEntry.swift */ = {isa = PBXFileReference; fileEncoding = 4; lastKnownFileType = sourcecode.swift; path = WeatherEntry.swift; sourceTree = "<group>"; };
		A59A45941E58235D0067C8C8 /* WeatherEntryManager.swift */ = {isa = PBXFileReference; fileEncoding = 4; lastKnownFileType = sourcecode.swift; path = WeatherEntryManager.swift; sourceTree = "<group>"; };
		A59A45981E583AAC0067C8C8 /* WeatherViewModel.swift */ = {isa = PBXFileReference; fileEncoding = 4; lastKnownFileType = sourcecode.swift; path = WeatherViewModel.swift; sourceTree = "<group>"; };
		A59A459A1E583DCE0067C8C8 /* AbstractViewModel.swift */ = {isa = PBXFileReference; fileEncoding = 4; lastKnownFileType = sourcecode.swift; path = AbstractViewModel.swift; sourceTree = "<group>"; };
		A59A45A41E5846B70067C8C8 /* AbstractViewController.swift */ = {isa = PBXFileReference; fileEncoding = 4; lastKnownFileType = sourcecode.swift; path = AbstractViewController.swift; sourceTree = "<group>"; };
		A59A45A61E5848CA0067C8C8 /* Utilities.swift */ = {isa = PBXFileReference; fileEncoding = 4; lastKnownFileType = sourcecode.swift; path = Utilities.swift; sourceTree = "<group>"; };
		CA051CEF66C22A45682AD72A /* Pods-WeatherUITests.release.xcconfig */ = {isa = PBXFileReference; includeInIndex = 1; lastKnownFileType = text.xcconfig; name = "Pods-WeatherUITests.release.xcconfig"; path = "Pods/Target Support Files/Pods-WeatherUITests/Pods-WeatherUITests.release.xcconfig"; sourceTree = "<group>"; };
		CC83692422D2ED956591642C /* Pods_Weather.framework */ = {isa = PBXFileReference; explicitFileType = wrapper.framework; includeInIndex = 0; path = Pods_Weather.framework; sourceTree = BUILT_PRODUCTS_DIR; };
		EEB306B2C2F7D3AC7D612A4D /* Pods-Weather.debug.xcconfig */ = {isa = PBXFileReference; includeInIndex = 1; lastKnownFileType = text.xcconfig; name = "Pods-Weather.debug.xcconfig"; path = "Pods/Target Support Files/Pods-Weather/Pods-Weather.debug.xcconfig"; sourceTree = "<group>"; };
/* End PBXFileReference section */

/* Begin PBXFrameworksBuildPhase section */
		A59A45501E58178F0067C8C8 /* Frameworks */ = {
			isa = PBXFrameworksBuildPhase;
			buildActionMask = 2147483647;
			files = (
				B574319E5A909EE29EDC0E8D /* Pods_Weather.framework in Frameworks */,
			);
			runOnlyForDeploymentPostprocessing = 0;
		};
		A59A45641E58178F0067C8C8 /* Frameworks */ = {
			isa = PBXFrameworksBuildPhase;
			buildActionMask = 2147483647;
			files = (
				4730F827814855AE4D333932 /* Pods_WeatherTests.framework in Frameworks */,
			);
			runOnlyForDeploymentPostprocessing = 0;
		};
		A59A456F1E58178F0067C8C8 /* Frameworks */ = {
			isa = PBXFrameworksBuildPhase;
			buildActionMask = 2147483647;
			files = (
				0FEB1A723A21BAF21061D4C1 /* Pods_WeatherUITests.framework in Frameworks */,
			);
			runOnlyForDeploymentPostprocessing = 0;
		};
/* End PBXFrameworksBuildPhase section */

/* Begin PBXGroup section */
		A59A454A1E58178F0067C8C8 = {
			isa = PBXGroup;
			children = (
				A59A45551E58178F0067C8C8 /* Weather */,
				A59A456A1E58178F0067C8C8 /* WeatherTests */,
				A59A45751E58178F0067C8C8 /* WeatherUITests */,
				A59A45541E58178F0067C8C8 /* Products */,
				F4FA5C30D771C782F2F1F903 /* Pods */,
				D425527EF053A30BFAF71E65 /* Frameworks */,
			);
			sourceTree = "<group>";
		};
		A59A45541E58178F0067C8C8 /* Products */ = {
			isa = PBXGroup;
			children = (
				A59A45531E58178F0067C8C8 /* Weather.app */,
				A59A45671E58178F0067C8C8 /* WeatherTests.xctest */,
				A59A45721E58178F0067C8C8 /* WeatherUITests.xctest */,
			);
			name = Products;
			sourceTree = "<group>";
		};
		A59A45551E58178F0067C8C8 /* Weather */ = {
			isa = PBXGroup;
			children = (
				A59A458A1E5819AC0067C8C8 /* View */,
				A59A458C1E5819AC0067C8C8 /* ViewModel */,
				A59A45861E5819AC0067C8C8 /* Model */,
				A59A45851E5819AC0067C8C8 /* Common */,
				A59A45561E58178F0067C8C8 /* AppDelegate.swift */,
				A59A455A1E58178F0067C8C8 /* Main.storyboard */,
				A59A455D1E58178F0067C8C8 /* Assets.xcassets */,
				A59A455F1E58178F0067C8C8 /* LaunchScreen.storyboard */,
				A59A45621E58178F0067C8C8 /* Info.plist */,
			);
			path = Weather;
			sourceTree = "<group>";
		};
		A59A456A1E58178F0067C8C8 /* WeatherTests */ = {
			isa = PBXGroup;
			children = (
				A59A456B1E58178F0067C8C8 /* WeatherTests.swift */,
				A59A456D1E58178F0067C8C8 /* Info.plist */,
			);
			path = WeatherTests;
			sourceTree = "<group>";
		};
		A59A45751E58178F0067C8C8 /* WeatherUITests */ = {
			isa = PBXGroup;
			children = (
				A59A45761E58178F0067C8C8 /* WeatherUITests.swift */,
				A59A45781E58178F0067C8C8 /* Info.plist */,
			);
			path = WeatherUITests;
			sourceTree = "<group>";
		};
		A59A45851E5819AC0067C8C8 /* Common */ = {
			isa = PBXGroup;
			children = (
				A59A45901E581A520067C8C8 /* Globals.swift */,
				A59A45A61E5848CA0067C8C8 /* Utilities.swift */,
			);
			path = Common;
			sourceTree = "<group>";
		};
		A59A45861E5819AC0067C8C8 /* Model */ = {
			isa = PBXGroup;
			children = (
				A59A45871E5819AC0067C8C8 /* APIClient */,
				A59A45881E5819AC0067C8C8 /* DataManager */,
				A59A45891E5819AC0067C8C8 /* Entity */,
			);
			path = Model;
			sourceTree = "<group>";
		};
		A59A45871E5819AC0067C8C8 /* APIClient */ = {
			isa = PBXGroup;
			children = (
				A59A458E1E581A040067C8C8 /* APIClient.swift */,
			);
			path = APIClient;
			sourceTree = "<group>";
		};
		A59A45881E5819AC0067C8C8 /* DataManager */ = {
			isa = PBXGroup;
			children = (
				A59A45941E58235D0067C8C8 /* WeatherEntryManager.swift */,
			);
			path = DataManager;
			sourceTree = "<group>";
		};
		A59A45891E5819AC0067C8C8 /* Entity */ = {
			isa = PBXGroup;
			children = (
				A59A45921E581A6D0067C8C8 /* WeatherEntry.swift */,
			);
			path = Entity;
			sourceTree = "<group>";
		};
		A59A458A1E5819AC0067C8C8 /* View */ = {
			isa = PBXGroup;
			children = (
				A59A45A41E5846B70067C8C8 /* AbstractViewController.swift */,
				A59A458B1E5819AC0067C8C8 /* WeatherViewController.swift */,
			);
			path = View;
			sourceTree = "<group>";
		};
		A59A458C1E5819AC0067C8C8 /* ViewModel */ = {
			isa = PBXGroup;
			children = (
				A59A459A1E583DCE0067C8C8 /* AbstractViewModel.swift */,
				A59A45981E583AAC0067C8C8 /* WeatherViewModel.swift */,
			);
			path = ViewModel;
			sourceTree = "<group>";
		};
		D425527EF053A30BFAF71E65 /* Frameworks */ = {
			isa = PBXGroup;
			children = (
				CC83692422D2ED956591642C /* Pods_Weather.framework */,
				1B8E795E49F9147576F91CF6 /* Pods_WeatherTests.framework */,
				6D883C304BB3D3B1E734D475 /* Pods_WeatherUITests.framework */,
			);
			name = Frameworks;
			sourceTree = "<group>";
		};
		F4FA5C30D771C782F2F1F903 /* Pods */ = {
			isa = PBXGroup;
			children = (
				EEB306B2C2F7D3AC7D612A4D /* Pods-Weather.debug.xcconfig */,
				4006880B2D8611EC43376885 /* Pods-Weather.release.xcconfig */,
				33989B96E1FA6719E30BC340 /* Pods-WeatherTests.debug.xcconfig */,
				8DF3C1AC8973FC845FB3B288 /* Pods-WeatherTests.release.xcconfig */,
				56B20A26DD7759F5AA949EF7 /* Pods-WeatherUITests.debug.xcconfig */,
				CA051CEF66C22A45682AD72A /* Pods-WeatherUITests.release.xcconfig */,
			);
			name = Pods;
			sourceTree = "<group>";
		};
/* End PBXGroup section */

/* Begin PBXNativeTarget section */
		A59A45521E58178F0067C8C8 /* Weather */ = {
			isa = PBXNativeTarget;
			buildConfigurationList = A59A457B1E58178F0067C8C8 /* Build configuration list for PBXNativeTarget "Weather" */;
			buildPhases = (
				12CC17749155B5624321B5CD /* [CP] Check Pods Manifest.lock */,
				A59A454F1E58178F0067C8C8 /* Sources */,
				A59A45501E58178F0067C8C8 /* Frameworks */,
				A59A45511E58178F0067C8C8 /* Resources */,
				3BC3513DBF115F8383DB57F1 /* [CP] Embed Pods Frameworks */,
				3D3C1D96662EFE3A762E3121 /* [CP] Copy Pods Resources */,
				A59A45841E58182B0067C8C8 /* ShellScript */,
			);
			buildRules = (
			);
			dependencies = (
			);
			name = Weather;
			productName = Weather;
			productReference = A59A45531E58178F0067C8C8 /* Weather.app */;
			productType = "com.apple.product-type.application";
		};
		A59A45661E58178F0067C8C8 /* WeatherTests */ = {
			isa = PBXNativeTarget;
			buildConfigurationList = A59A457E1E58178F0067C8C8 /* Build configuration list for PBXNativeTarget "WeatherTests" */;
			buildPhases = (
				E06D7C88292F3BE25117E365 /* [CP] Check Pods Manifest.lock */,
				A59A45631E58178F0067C8C8 /* Sources */,
				A59A45641E58178F0067C8C8 /* Frameworks */,
				A59A45651E58178F0067C8C8 /* Resources */,
				E9C198D3736062270427F4D0 /* [CP] Embed Pods Frameworks */,
				32932B8A2AAD739ED915220F /* [CP] Copy Pods Resources */,
			);
			buildRules = (
			);
			dependencies = (
				A59A45691E58178F0067C8C8 /* PBXTargetDependency */,
			);
			name = WeatherTests;
			productName = WeatherTests;
			productReference = A59A45671E58178F0067C8C8 /* WeatherTests.xctest */;
			productType = "com.apple.product-type.bundle.unit-test";
		};
		A59A45711E58178F0067C8C8 /* WeatherUITests */ = {
			isa = PBXNativeTarget;
			buildConfigurationList = A59A45811E58178F0067C8C8 /* Build configuration list for PBXNativeTarget "WeatherUITests" */;
			buildPhases = (
				85C84D532C0EF88736614D85 /* [CP] Check Pods Manifest.lock */,
				A59A456E1E58178F0067C8C8 /* Sources */,
				A59A456F1E58178F0067C8C8 /* Frameworks */,
				A59A45701E58178F0067C8C8 /* Resources */,
				35223D834AF2F23CCEEC7F34 /* [CP] Copy Pods Resources */,
			);
			buildRules = (
			);
			dependencies = (
				A59A45741E58178F0067C8C8 /* PBXTargetDependency */,
			);
			name = WeatherUITests;
			productName = WeatherUITests;
			productReference = A59A45721E58178F0067C8C8 /* WeatherUITests.xctest */;
			productType = "com.apple.product-type.bundle.ui-testing";
		};
/* End PBXNativeTarget section */

/* Begin PBXProject section */
		A59A454B1E58178F0067C8C8 /* Project object */ = {
			isa = PBXProject;
			attributes = {
				LastSwiftUpdateCheck = 0820;
				LastUpgradeCheck = 0820;
				ORGANIZATIONNAME = elsammak;
				TargetAttributes = {
					A59A45521E58178F0067C8C8 = {
						CreatedOnToolsVersion = 8.2.1;
						DevelopmentTeam = VD99NBZ76D;
						ProvisioningStyle = Automatic;
					};
					A59A45661E58178F0067C8C8 = {
						CreatedOnToolsVersion = 8.2.1;
						DevelopmentTeam = VD99NBZ76D;
						ProvisioningStyle = Automatic;
						TestTargetID = A59A45521E58178F0067C8C8;
					};
					A59A45711E58178F0067C8C8 = {
						CreatedOnToolsVersion = 8.2.1;
						DevelopmentTeam = VD99NBZ76D;
						ProvisioningStyle = Automatic;
						TestTargetID = A59A45521E58178F0067C8C8;
					};
				};
			};
			buildConfigurationList = A59A454E1E58178F0067C8C8 /* Build configuration list for PBXProject "Weather" */;
			compatibilityVersion = "Xcode 3.2";
			developmentRegion = English;
			hasScannedForEncodings = 0;
			knownRegions = (
				en,
				Base,
			);
			mainGroup = A59A454A1E58178F0067C8C8;
			productRefGroup = A59A45541E58178F0067C8C8 /* Products */;
			projectDirPath = "";
			projectRoot = "";
			targets = (
				A59A45521E58178F0067C8C8 /* Weather */,
				A59A45661E58178F0067C8C8 /* WeatherTests */,
				A59A45711E58178F0067C8C8 /* WeatherUITests */,
			);
		};
/* End PBXProject section */

/* Begin PBXResourcesBuildPhase section */
		A59A45511E58178F0067C8C8 /* Resources */ = {
			isa = PBXResourcesBuildPhase;
			buildActionMask = 2147483647;
			files = (
				A59A45611E58178F0067C8C8 /* LaunchScreen.storyboard in Resources */,
				A59A455E1E58178F0067C8C8 /* Assets.xcassets in Resources */,
				A59A455C1E58178F0067C8C8 /* Main.storyboard in Resources */,
			);
			runOnlyForDeploymentPostprocessing = 0;
		};
		A59A45651E58178F0067C8C8 /* Resources */ = {
			isa = PBXResourcesBuildPhase;
			buildActionMask = 2147483647;
			files = (
			);
			runOnlyForDeploymentPostprocessing = 0;
		};
		A59A45701E58178F0067C8C8 /* Resources */ = {
			isa = PBXResourcesBuildPhase;
			buildActionMask = 2147483647;
			files = (
			);
			runOnlyForDeploymentPostprocessing = 0;
		};
/* End PBXResourcesBuildPhase section */

/* Begin PBXShellScriptBuildPhase section */
		12CC17749155B5624321B5CD /* [CP] Check Pods Manifest.lock */ = {
			isa = PBXShellScriptBuildPhase;
			buildActionMask = 2147483647;
			files = (
			);
			inputPaths = (
			);
			name = "[CP] Check Pods Manifest.lock";
			outputPaths = (
			);
			runOnlyForDeploymentPostprocessing = 0;
			shellPath = /bin/sh;
			shellScript = "diff \"${PODS_ROOT}/../Podfile.lock\" \"${PODS_ROOT}/Manifest.lock\" > /dev/null\nif [[ $? != 0 ]] ; then\n    cat << EOM\nerror: The sandbox is not in sync with the Podfile.lock. Run 'pod install' or update your CocoaPods installation.\nEOM\n    exit 1\nfi\n";
			showEnvVarsInLog = 0;
		};
		32932B8A2AAD739ED915220F /* [CP] Copy Pods Resources */ = {
			isa = PBXShellScriptBuildPhase;
			buildActionMask = 2147483647;
			files = (
			);
			inputPaths = (
			);
			name = "[CP] Copy Pods Resources";
			outputPaths = (
			);
			runOnlyForDeploymentPostprocessing = 0;
			shellPath = /bin/sh;
			shellScript = "\"${SRCROOT}/Pods/Target Support Files/Pods-WeatherTests/Pods-WeatherTests-resources.sh\"\n";
			showEnvVarsInLog = 0;
		};
		35223D834AF2F23CCEEC7F34 /* [CP] Copy Pods Resources */ = {
			isa = PBXShellScriptBuildPhase;
			buildActionMask = 2147483647;
			files = (
			);
			inputPaths = (
			);
			name = "[CP] Copy Pods Resources";
			outputPaths = (
			);
			runOnlyForDeploymentPostprocessing = 0;
			shellPath = /bin/sh;
			shellScript = "\"${SRCROOT}/Pods/Target Support Files/Pods-WeatherUITests/Pods-WeatherUITests-resources.sh\"\n";
			showEnvVarsInLog = 0;
		};
		3BC3513DBF115F8383DB57F1 /* [CP] Embed Pods Frameworks */ = {
			isa = PBXShellScriptBuildPhase;
			buildActionMask = 2147483647;
			files = (
			);
			inputPaths = (
			);
			name = "[CP] Embed Pods Frameworks";
			outputPaths = (
			);
			runOnlyForDeploymentPostprocessing = 0;
			shellPath = /bin/sh;
			shellScript = "\"${SRCROOT}/Pods/Target Support Files/Pods-Weather/Pods-Weather-frameworks.sh\"\n";
			showEnvVarsInLog = 0;
		};
		3D3C1D96662EFE3A762E3121 /* [CP] Copy Pods Resources */ = {
			isa = PBXShellScriptBuildPhase;
			buildActionMask = 2147483647;
			files = (
			);
			inputPaths = (
			);
			name = "[CP] Copy Pods Resources";
			outputPaths = (
			);
			runOnlyForDeploymentPostprocessing = 0;
			shellPath = /bin/sh;
			shellScript = "\"${SRCROOT}/Pods/Target Support Files/Pods-Weather/Pods-Weather-resources.sh\"\n";
			showEnvVarsInLog = 0;
		};
		85C84D532C0EF88736614D85 /* [CP] Check Pods Manifest.lock */ = {
			isa = PBXShellScriptBuildPhase;
			buildActionMask = 2147483647;
			files = (
			);
			inputPaths = (
			);
			name = "[CP] Check Pods Manifest.lock";
			outputPaths = (
			);
			runOnlyForDeploymentPostprocessing = 0;
			shellPath = /bin/sh;
			shellScript = "diff \"${PODS_ROOT}/../Podfile.lock\" \"${PODS_ROOT}/Manifest.lock\" > /dev/null\nif [[ $? != 0 ]] ; then\n    cat << EOM\nerror: The sandbox is not in sync with the Podfile.lock. Run 'pod install' or update your CocoaPods installation.\nEOM\n    exit 1\nfi\n";
			showEnvVarsInLog = 0;
		};
		A59A45841E58182B0067C8C8 /* ShellScript */ = {
			isa = PBXShellScriptBuildPhase;
			buildActionMask = 2147483647;
			files = (
			);
			inputPaths = (
			);
			outputPaths = (
			);
			runOnlyForDeploymentPostprocessing = 0;
			shellPath = /bin/sh;
			shellScript = "if which swiftlint >/dev/null; then\nswiftlint\nelse\necho \"warning: SwiftLint not installed, download from https://github.com/realm/SwiftLint\"\nfi";
		};
		E06D7C88292F3BE25117E365 /* [CP] Check Pods Manifest.lock */ = {
			isa = PBXShellScriptBuildPhase;
			buildActionMask = 2147483647;
			files = (
			);
			inputPaths = (
			);
			name = "[CP] Check Pods Manifest.lock";
			outputPaths = (
			);
			runOnlyForDeploymentPostprocessing = 0;
			shellPath = /bin/sh;
			shellScript = "diff \"${PODS_ROOT}/../Podfile.lock\" \"${PODS_ROOT}/Manifest.lock\" > /dev/null\nif [[ $? != 0 ]] ; then\n    cat << EOM\nerror: The sandbox is not in sync with the Podfile.lock. Run 'pod install' or update your CocoaPods installation.\nEOM\n    exit 1\nfi\n";
			showEnvVarsInLog = 0;
		};
		E9C198D3736062270427F4D0 /* [CP] Embed Pods Frameworks */ = {
			isa = PBXShellScriptBuildPhase;
			buildActionMask = 2147483647;
			files = (
			);
			inputPaths = (
			);
			name = "[CP] Embed Pods Frameworks";
			outputPaths = (
			);
			runOnlyForDeploymentPostprocessing = 0;
			shellPath = /bin/sh;
			shellScript = "\"${SRCROOT}/Pods/Target Support Files/Pods-WeatherTests/Pods-WeatherTests-frameworks.sh\"\n";
			showEnvVarsInLog = 0;
		};
/* End PBXShellScriptBuildPhase section */

/* Begin PBXSourcesBuildPhase section */
		A59A454F1E58178F0067C8C8 /* Sources */ = {
			isa = PBXSourcesBuildPhase;
			buildActionMask = 2147483647;
			files = (
				A59A45911E581A520067C8C8 /* Globals.swift in Sources */,
				A59A45951E58235D0067C8C8 /* WeatherEntryManager.swift in Sources */,
				A59A45A71E5848CA0067C8C8 /* Utilities.swift in Sources */,
				A59A459B1E583DCE0067C8C8 /* AbstractViewModel.swift in Sources */,
				A59A458D1E5819AC0067C8C8 /* WeatherViewController.swift in Sources */,
				A59A45571E58178F0067C8C8 /* AppDelegate.swift in Sources */,
				A59A45A51E5846B70067C8C8 /* AbstractViewController.swift in Sources */,
				A59A45991E583AAC0067C8C8 /* WeatherViewModel.swift in Sources */,
				A59A458F1E581A040067C8C8 /* APIClient.swift in Sources */,
				A59A45931E581A6D0067C8C8 /* WeatherEntry.swift in Sources */,
			);
			runOnlyForDeploymentPostprocessing = 0;
		};
		A59A45631E58178F0067C8C8 /* Sources */ = {
			isa = PBXSourcesBuildPhase;
			buildActionMask = 2147483647;
			files = (
				A59A456C1E58178F0067C8C8 /* WeatherTests.swift in Sources */,
			);
			runOnlyForDeploymentPostprocessing = 0;
		};
		A59A456E1E58178F0067C8C8 /* Sources */ = {
			isa = PBXSourcesBuildPhase;
			buildActionMask = 2147483647;
			files = (
				A59A45771E58178F0067C8C8 /* WeatherUITests.swift in Sources */,
			);
			runOnlyForDeploymentPostprocessing = 0;
		};
/* End PBXSourcesBuildPhase section */

/* Begin PBXTargetDependency section */
		A59A45691E58178F0067C8C8 /* PBXTargetDependency */ = {
			isa = PBXTargetDependency;
			target = A59A45521E58178F0067C8C8 /* Weather */;
			targetProxy = A59A45681E58178F0067C8C8 /* PBXContainerItemProxy */;
		};
		A59A45741E58178F0067C8C8 /* PBXTargetDependency */ = {
			isa = PBXTargetDependency;
			target = A59A45521E58178F0067C8C8 /* Weather */;
			targetProxy = A59A45731E58178F0067C8C8 /* PBXContainerItemProxy */;
		};
/* End PBXTargetDependency section */

/* Begin PBXVariantGroup section */
		A59A455A1E58178F0067C8C8 /* Main.storyboard */ = {
			isa = PBXVariantGroup;
			children = (
				A59A455B1E58178F0067C8C8 /* Base */,
			);
			name = Main.storyboard;
			sourceTree = "<group>";
		};
		A59A455F1E58178F0067C8C8 /* LaunchScreen.storyboard */ = {
			isa = PBXVariantGroup;
			children = (
				A59A45601E58178F0067C8C8 /* Base */,
			);
			name = LaunchScreen.storyboard;
			sourceTree = "<group>";
		};
/* End PBXVariantGroup section */

/* Begin XCBuildConfiguration section */
		A59A45791E58178F0067C8C8 /* Debug */ = {
			isa = XCBuildConfiguration;
			buildSettings = {
				ALWAYS_SEARCH_USER_PATHS = NO;
				CLANG_ANALYZER_NONNULL = YES;
				CLANG_CXX_LANGUAGE_STANDARD = "gnu++0x";
				CLANG_CXX_LIBRARY = "libc++";
				CLANG_ENABLE_MODULES = YES;
				CLANG_ENABLE_OBJC_ARC = YES;
				CLANG_WARN_BOOL_CONVERSION = YES;
				CLANG_WARN_CONSTANT_CONVERSION = YES;
				CLANG_WARN_DIRECT_OBJC_ISA_USAGE = YES_ERROR;
				CLANG_WARN_DOCUMENTATION_COMMENTS = YES;
				CLANG_WARN_EMPTY_BODY = YES;
				CLANG_WARN_ENUM_CONVERSION = YES;
				CLANG_WARN_INFINITE_RECURSION = YES;
				CLANG_WARN_INT_CONVERSION = YES;
				CLANG_WARN_OBJC_ROOT_CLASS = YES_ERROR;
				CLANG_WARN_SUSPICIOUS_MOVE = YES;
				CLANG_WARN_UNREACHABLE_CODE = YES;
				CLANG_WARN__DUPLICATE_METHOD_MATCH = YES;
				"CODE_SIGN_IDENTITY[sdk=iphoneos*]" = "iPhone Developer";
				COPY_PHASE_STRIP = NO;
				DEBUG_INFORMATION_FORMAT = dwarf;
				ENABLE_STRICT_OBJC_MSGSEND = YES;
				ENABLE_TESTABILITY = YES;
				GCC_C_LANGUAGE_STANDARD = gnu99;
				GCC_DYNAMIC_NO_PIC = NO;
				GCC_NO_COMMON_BLOCKS = YES;
				GCC_OPTIMIZATION_LEVEL = 0;
				GCC_PREPROCESSOR_DEFINITIONS = (
					"DEBUG=1",
					"$(inherited)",
				);
				GCC_WARN_64_TO_32_BIT_CONVERSION = YES;
				GCC_WARN_ABOUT_RETURN_TYPE = YES_ERROR;
				GCC_WARN_UNDECLARED_SELECTOR = YES;
				GCC_WARN_UNINITIALIZED_AUTOS = YES_AGGRESSIVE;
				GCC_WARN_UNUSED_FUNCTION = YES;
				GCC_WARN_UNUSED_VARIABLE = YES;
				IPHONEOS_DEPLOYMENT_TARGET = 10.2;
				MTL_ENABLE_DEBUG_INFO = YES;
				ONLY_ACTIVE_ARCH = YES;
				SDKROOT = iphoneos;
				SWIFT_ACTIVE_COMPILATION_CONDITIONS = DEBUG;
				SWIFT_OPTIMIZATION_LEVEL = "-Onone";
			};
			name = Debug;
		};
		A59A457A1E58178F0067C8C8 /* Release */ = {
			isa = XCBuildConfiguration;
			buildSettings = {
				ALWAYS_SEARCH_USER_PATHS = NO;
				CLANG_ANALYZER_NONNULL = YES;
				CLANG_CXX_LANGUAGE_STANDARD = "gnu++0x";
				CLANG_CXX_LIBRARY = "libc++";
				CLANG_ENABLE_MODULES = YES;
				CLANG_ENABLE_OBJC_ARC = YES;
				CLANG_WARN_BOOL_CONVERSION = YES;
				CLANG_WARN_CONSTANT_CONVERSION = YES;
				CLANG_WARN_DIRECT_OBJC_ISA_USAGE = YES_ERROR;
				CLANG_WARN_DOCUMENTATION_COMMENTS = YES;
				CLANG_WARN_EMPTY_BODY = YES;
				CLANG_WARN_ENUM_CONVERSION = YES;
				CLANG_WARN_INFINITE_RECURSION = YES;
				CLANG_WARN_INT_CONVERSION = YES;
				CLANG_WARN_OBJC_ROOT_CLASS = YES_ERROR;
				CLANG_WARN_SUSPICIOUS_MOVE = YES;
				CLANG_WARN_UNREACHABLE_CODE = YES;
				CLANG_WARN__DUPLICATE_METHOD_MATCH = YES;
				"CODE_SIGN_IDENTITY[sdk=iphoneos*]" = "iPhone Developer";
				COPY_PHASE_STRIP = NO;
				DEBUG_INFORMATION_FORMAT = "dwarf-with-dsym";
				ENABLE_NS_ASSERTIONS = NO;
				ENABLE_STRICT_OBJC_MSGSEND = YES;
				GCC_C_LANGUAGE_STANDARD = gnu99;
				GCC_NO_COMMON_BLOCKS = YES;
				GCC_WARN_64_TO_32_BIT_CONVERSION = YES;
				GCC_WARN_ABOUT_RETURN_TYPE = YES_ERROR;
				GCC_WARN_UNDECLARED_SELECTOR = YES;
				GCC_WARN_UNINITIALIZED_AUTOS = YES_AGGRESSIVE;
				GCC_WARN_UNUSED_FUNCTION = YES;
				GCC_WARN_UNUSED_VARIABLE = YES;
				IPHONEOS_DEPLOYMENT_TARGET = 10.2;
				MTL_ENABLE_DEBUG_INFO = NO;
				SDKROOT = iphoneos;
				SWIFT_OPTIMIZATION_LEVEL = "-Owholemodule";
				VALIDATE_PRODUCT = YES;
			};
			name = Release;
		};
		A59A457C1E58178F0067C8C8 /* Debug */ = {
			isa = XCBuildConfiguration;
			baseConfigurationReference = EEB306B2C2F7D3AC7D612A4D /* Pods-Weather.debug.xcconfig */;
			buildSettings = {
				ASSETCATALOG_COMPILER_APPICON_NAME = AppIcon;
				DEVELOPMENT_TEAM = VD99NBZ76D;
				INFOPLIST_FILE = Weather/Info.plist;
				LD_RUNPATH_SEARCH_PATHS = "$(inherited) @executable_path/Frameworks";
				PRODUCT_BUNDLE_IDENTIFIER = com.elsammak.Weather;
				PRODUCT_NAME = "$(TARGET_NAME)";
				SWIFT_VERSION = 3.0;
			};
			name = Debug;
		};
		A59A457D1E58178F0067C8C8 /* Release */ = {
			isa = XCBuildConfiguration;
			baseConfigurationReference = 4006880B2D8611EC43376885 /* Pods-Weather.release.xcconfig */;
			buildSettings = {
				ASSETCATALOG_COMPILER_APPICON_NAME = AppIcon;
				DEVELOPMENT_TEAM = VD99NBZ76D;
				INFOPLIST_FILE = Weather/Info.plist;
				LD_RUNPATH_SEARCH_PATHS = "$(inherited) @executable_path/Frameworks";
				PRODUCT_BUNDLE_IDENTIFIER = com.elsammak.Weather;
				PRODUCT_NAME = "$(TARGET_NAME)";
				SWIFT_VERSION = 3.0;
			};
			name = Release;
		};
		A59A457F1E58178F0067C8C8 /* Debug */ = {
			isa = XCBuildConfiguration;
			baseConfigurationReference = 33989B96E1FA6719E30BC340 /* Pods-WeatherTests.debug.xcconfig */;
			buildSettings = {
				ALWAYS_EMBED_SWIFT_STANDARD_LIBRARIES = YES;
				BUNDLE_LOADER = "$(TEST_HOST)";
				DEVELOPMENT_TEAM = VD99NBZ76D;
				INFOPLIST_FILE = WeatherTests/Info.plist;
				LD_RUNPATH_SEARCH_PATHS = "$(inherited) @executable_path/Frameworks @loader_path/Frameworks";
				PRODUCT_BUNDLE_IDENTIFIER = com.elsammak.WeatherTests;
				PRODUCT_NAME = "$(TARGET_NAME)";
				SWIFT_VERSION = 3.0;
				TEST_HOST = "$(BUILT_PRODUCTS_DIR)/Weather.app/Weather";
			};
			name = Debug;
		};
		A59A45801E58178F0067C8C8 /* Release */ = {
			isa = XCBuildConfiguration;
			baseConfigurationReference = 8DF3C1AC8973FC845FB3B288 /* Pods-WeatherTests.release.xcconfig */;
			buildSettings = {
				ALWAYS_EMBED_SWIFT_STANDARD_LIBRARIES = YES;
				BUNDLE_LOADER = "$(TEST_HOST)";
				DEVELOPMENT_TEAM = VD99NBZ76D;
				INFOPLIST_FILE = WeatherTests/Info.plist;
				LD_RUNPATH_SEARCH_PATHS = "$(inherited) @executable_path/Frameworks @loader_path/Frameworks";
				PRODUCT_BUNDLE_IDENTIFIER = com.elsammak.WeatherTests;
				PRODUCT_NAME = "$(TARGET_NAME)";
				SWIFT_VERSION = 3.0;
				TEST_HOST = "$(BUILT_PRODUCTS_DIR)/Weather.app/Weather";
			};
			name = Release;
		};
		A59A45821E58178F0067C8C8 /* Debug */ = {
			isa = XCBuildConfiguration;
			baseConfigurationReference = 56B20A26DD7759F5AA949EF7 /* Pods-WeatherUITests.debug.xcconfig */;
			buildSettings = {
				ALWAYS_EMBED_SWIFT_STANDARD_LIBRARIES = YES;
				DEVELOPMENT_TEAM = VD99NBZ76D;
				INFOPLIST_FILE = WeatherUITests/Info.plist;
				LD_RUNPATH_SEARCH_PATHS = "$(inherited) @executable_path/Frameworks @loader_path/Frameworks";
				PRODUCT_BUNDLE_IDENTIFIER = com.elsammak.WeatherUITests;
				PRODUCT_NAME = "$(TARGET_NAME)";
				SWIFT_VERSION = 3.0;
				TEST_TARGET_NAME = Weather;
			};
			name = Debug;
		};
		A59A45831E58178F0067C8C8 /* Release */ = {
			isa = XCBuildConfiguration;
			baseConfigurationReference = CA051CEF66C22A45682AD72A /* Pods-WeatherUITests.release.xcconfig */;
			buildSettings = {
				ALWAYS_EMBED_SWIFT_STANDARD_LIBRARIES = YES;
				DEVELOPMENT_TEAM = VD99NBZ76D;
				INFOPLIST_FILE = WeatherUITests/Info.plist;
				LD_RUNPATH_SEARCH_PATHS = "$(inherited) @executable_path/Frameworks @loader_path/Frameworks";
				PRODUCT_BUNDLE_IDENTIFIER = com.elsammak.WeatherUITests;
				PRODUCT_NAME = "$(TARGET_NAME)";
				SWIFT_VERSION = 3.0;
				TEST_TARGET_NAME = Weather;
			};
			name = Release;
		};
/* End XCBuildConfiguration section */

/* Begin XCConfigurationList section */
		A59A454E1E58178F0067C8C8 /* Build configuration list for PBXProject "Weather" */ = {
			isa = XCConfigurationList;
			buildConfigurations = (
				A59A45791E58178F0067C8C8 /* Debug */,
				A59A457A1E58178F0067C8C8 /* Release */,
			);
			defaultConfigurationIsVisible = 0;
			defaultConfigurationName = Release;
		};
		A59A457B1E58178F0067C8C8 /* Build configuration list for PBXNativeTarget "Weather" */ = {
			isa = XCConfigurationList;
			buildConfigurations = (
				A59A457C1E58178F0067C8C8 /* Debug */,
				A59A457D1E58178F0067C8C8 /* Release */,
			);
			defaultConfigurationIsVisible = 0;
			defaultConfigurationName = Release;
		};
		A59A457E1E58178F0067C8C8 /* Build configuration list for PBXNativeTarget "WeatherTests" */ = {
			isa = XCConfigurationList;
			buildConfigurations = (
				A59A457F1E58178F0067C8C8 /* Debug */,
				A59A45801E58178F0067C8C8 /* Release */,
			);
			defaultConfigurationIsVisible = 0;
			defaultConfigurationName = Release;
		};
		A59A45811E58178F0067C8C8 /* Build configuration list for PBXNativeTarget "WeatherUITests" */ = {
			isa = XCConfigurationList;
			buildConfigurations = (
				A59A45821E58178F0067C8C8 /* Debug */,
				A59A45831E58178F0067C8C8 /* Release */,
			);
			defaultConfigurationIsVisible = 0;
			defaultConfigurationName = Release;
		};
/* End XCConfigurationList section */
	};
	rootObject = A59A454B1E58178F0067C8C8 /* Project object */;
}
